
Microsoft Visual Studio Solution File, Format Version 12.00
# Visual Studio Version 17
VisualStudioVersion = 17.5.33530.505
MinimumVisualStudioVersion = 10.0.40219.1
Project("{9A19103F-16F7-4668-BE54-9A1E7A4F7556}") = "Assigment2WeatherData", "Assigment2WeatherData.csproj", "{C04810D0-A8AC-4338-8674-C9EB141A8D16}"
EndProject
Global
	GlobalSection(SolutionConfigurationPlatforms) = preSolution
		Debug|Any CPU = Debug|Any CPU
		Release|Any CPU = Release|Any CPU
	EndGlobalSection
	GlobalSection(ProjectConfigurationPlatforms) = postSolution
		{C04810D0-A8AC-4338-8674-C9EB141A8D16}.Debug|Any CPU.ActiveCfg = Debug|Any CPU
		{C04810D0-A8AC-4338-8674-C9EB141A8D16}.Debug|Any CPU.Build.0 = Debug|Any CPU
		{C04810D0-A8AC-4338-8674-C9EB141A8D16}.Release|Any CPU.ActiveCfg = Release|Any CPU
		{C04810D0-A8AC-4338-8674-C9EB141A8D16}.Release|Any CPU.Build.0 = Release|Any CPU
	EndGlobalSection
	GlobalSection(SolutionProperties) = preSolution
		HideSolutionNode = FALSE
	EndGlobalSection
	GlobalSection(ExtensibilityGlobals) = postSolution
		SolutionGuid = {CB736AE4-3412-405B-8C2E-41DE6191B314}
	EndGlobalSection
EndGlobal
